
Microsoft Visual Studio Solution File, Format Version 12.00
# Visual Studio Version 17
VisualStudioVersion = 17.10.35013.160
MinimumVisualStudioVersion = 10.0.40219.1
Project("{FAE04EC0-301F-11D3-BF4B-00C04F79EFBC}") = "BehaviorAnalystProject", "BehaviorAnalystProject\BehaviorAnalystProject.csproj", "{4D668E62-151F-4D64-8FE2-BB673908F96B}"
EndProject
Project("{FAE04EC0-301F-11D3-BF4B-00C04F79EFBC}") = "Repository", "Repository\Repository.csproj", "{F91C0E41-12D7-46FD-BEB1-2459B2D76CC1}"
EndProject
Project("{FAE04EC0-301F-11D3-BF4B-00C04F79EFBC}") = "Service", "Service\Service.csproj", "{E547AC4B-DA1B-496C-8407-E7B7A9CAE7C6}"
EndProject
Project("{FAE04EC0-301F-11D3-BF4B-00C04F79EFBC}") = "Mock", "Mock\Mock.csproj", "{A61EB72C-0AFF-4349-BFF1-64607977E4EC}"
EndProject
Project("{FAE04EC0-301F-11D3-BF4B-00C04F79EFBC}") = "Common", "Common\Common.csproj", "{E341F8FC-0CA7-4ECB-AA5A-572313150867}"
EndProject
Global
	GlobalSection(SolutionConfigurationPlatforms) = preSolution
		Debug|Any CPU = Debug|Any CPU
		Release|Any CPU = Release|Any CPU
	EndGlobalSection
	GlobalSection(ProjectConfigurationPlatforms) = postSolution
		{4D668E62-151F-4D64-8FE2-BB673908F96B}.Debug|Any CPU.ActiveCfg = Debug|Any CPU
		{4D668E62-151F-4D64-8FE2-BB673908F96B}.Debug|Any CPU.Build.0 = Debug|Any CPU
		{4D668E62-151F-4D64-8FE2-BB673908F96B}.Release|Any CPU.ActiveCfg = Release|Any CPU
		{4D668E62-151F-4D64-8FE2-BB673908F96B}.Release|Any CPU.Build.0 = Release|Any CPU
		{F91C0E41-12D7-46FD-BEB1-2459B2D76CC1}.Debug|Any CPU.ActiveCfg = Debug|Any CPU
		{F91C0E41-12D7-46FD-BEB1-2459B2D76CC1}.Debug|Any CPU.Build.0 = Debug|Any CPU
		{F91C0E41-12D7-46FD-BEB1-2459B2D76CC1}.Release|Any CPU.ActiveCfg = Release|Any CPU
		{F91C0E41-12D7-46FD-BEB1-2459B2D76CC1}.Release|Any CPU.Build.0 = Release|Any CPU
		{E547AC4B-DA1B-496C-8407-E7B7A9CAE7C6}.Debug|Any CPU.ActiveCfg = Debug|Any CPU
		{E547AC4B-DA1B-496C-8407-E7B7A9CAE7C6}.Debug|Any CPU.Build.0 = Debug|Any CPU
		{E547AC4B-DA1B-496C-8407-E7B7A9CAE7C6}.Release|Any CPU.ActiveCfg = Release|Any CPU
		{E547AC4B-DA1B-496C-8407-E7B7A9CAE7C6}.Release|Any CPU.Build.0 = Release|Any CPU
		{A61EB72C-0AFF-4349-BFF1-64607977E4EC}.Debug|Any CPU.ActiveCfg = Debug|Any CPU
		{A61EB72C-0AFF-4349-BFF1-64607977E4EC}.Debug|Any CPU.Build.0 = Debug|Any CPU
		{A61EB72C-0AFF-4349-BFF1-64607977E4EC}.Release|Any CPU.ActiveCfg = Release|Any CPU
		{A61EB72C-0AFF-4349-BFF1-64607977E4EC}.Release|Any CPU.Build.0 = Release|Any CPU
		{E341F8FC-0CA7-4ECB-AA5A-572313150867}.Debug|Any CPU.ActiveCfg = Debug|Any CPU
		{E341F8FC-0CA7-4ECB-AA5A-572313150867}.Debug|Any CPU.Build.0 = Debug|Any CPU
		{E341F8FC-0CA7-4ECB-AA5A-572313150867}.Release|Any CPU.ActiveCfg = Release|Any CPU
		{E341F8FC-0CA7-4ECB-AA5A-572313150867}.Release|Any CPU.Build.0 = Release|Any CPU
	EndGlobalSection
	GlobalSection(SolutionProperties) = preSolution
		HideSolutionNode = FALSE
	EndGlobalSection
	GlobalSection(ExtensibilityGlobals) = postSolution
		SolutionGuid = {35F009E3-122B-48F2-9B9F-A6A82FA5DEC4}
	EndGlobalSection
EndGlobal
